// !$*UTF8*$!
{
	archiveVersion = 1;
	classes = {
	};
	objectVersion = 48;
	objects = {

/* Begin PBXBuildFile section */
		B14650501FC88B9500171D79 /* SignUpViewController.swift in Sources */ = {isa = PBXBuildFile; fileRef = B146504F1FC88B9500171D79 /* SignUpViewController.swift */; };
		B1CBD6571FC620D7007CD4E0 /* AppDelegate.swift in Sources */ = {isa = PBXBuildFile; fileRef = B1CBD6561FC620D7007CD4E0 /* AppDelegate.swift */; };
		B1CBD6591FC620D7007CD4E0 /* HomeViewController.swift in Sources */ = {isa = PBXBuildFile; fileRef = B1CBD6581FC620D7007CD4E0 /* HomeViewController.swift */; };
		B1CBD65C1FC620D7007CD4E0 /* Main.storyboard in Resources */ = {isa = PBXBuildFile; fileRef = B1CBD65A1FC620D7007CD4E0 /* Main.storyboard */; };
		B1CBD65F1FC620D7007CD4E0 /* Tracker.xcdatamodeld in Sources */ = {isa = PBXBuildFile; fileRef = B1CBD65D1FC620D7007CD4E0 /* Tracker.xcdatamodeld */; };
		B1CBD6611FC620D7007CD4E0 /* Assets.xcassets in Resources */ = {isa = PBXBuildFile; fileRef = B1CBD6601FC620D7007CD4E0 /* Assets.xcassets */; };
		B1CBD6641FC620D7007CD4E0 /* LaunchScreen.storyboard in Resources */ = {isa = PBXBuildFile; fileRef = B1CBD6621FC620D7007CD4E0 /* LaunchScreen.storyboard */; };
		B1CBD66F1FC620D7007CD4E0 /* TrackerTests.swift in Sources */ = {isa = PBXBuildFile; fileRef = B1CBD66E1FC620D7007CD4E0 /* TrackerTests.swift */; };
		B1CBD67A1FC620D7007CD4E0 /* TrackerUITests.swift in Sources */ = {isa = PBXBuildFile; fileRef = B1CBD6791FC620D7007CD4E0 /* TrackerUITests.swift */; };
		B1CBD6881FC622E6007CD4E0 /* WorkoutViewController.swift in Sources */ = {isa = PBXBuildFile; fileRef = B1CBD6871FC622E6007CD4E0 /* WorkoutViewController.swift */; };
		B1CBD68A1FC631AF007CD4E0 /* Point.swift in Sources */ = {isa = PBXBuildFile; fileRef = B1CBD6891FC631AF007CD4E0 /* Point.swift */; };
		B1CBD68C1FC63EE0007CD4E0 /* Workout.swift in Sources */ = {isa = PBXBuildFile; fileRef = B1CBD68B1FC63EE0007CD4E0 /* Workout.swift */; };
		B1CBD68E1FC64164007CD4E0 /* SummaryViewController.swift in Sources */ = {isa = PBXBuildFile; fileRef = B1CBD68D1FC64164007CD4E0 /* SummaryViewController.swift */; };
		B1CEF73E1FC7588900E2D68F /* MapViewController.swift in Sources */ = {isa = PBXBuildFile; fileRef = B1CEF73D1FC7588900E2D68F /* MapViewController.swift */; };
		B1CEF7401FC7BE5200E2D68F /* SignInViewController.swift in Sources */ = {isa = PBXBuildFile; fileRef = B1CEF73F1FC7BE5200E2D68F /* SignInViewController.swift */; };
/* End PBXBuildFile section */

/* Begin PBXContainerItemProxy section */
		B1CBD66B1FC620D7007CD4E0 /* PBXContainerItemProxy */ = {
			isa = PBXContainerItemProxy;
			containerPortal = B1CBD64B1FC620D7007CD4E0 /* Project object */;
			proxyType = 1;
			remoteGlobalIDString = B1CBD6521FC620D7007CD4E0;
			remoteInfo = Tracker;
		};
		B1CBD6761FC620D7007CD4E0 /* PBXContainerItemProxy */ = {
			isa = PBXContainerItemProxy;
			containerPortal = B1CBD64B1FC620D7007CD4E0 /* Project object */;
			proxyType = 1;
			remoteGlobalIDString = B1CBD6521FC620D7007CD4E0;
			remoteInfo = Tracker;
		};
/* End PBXContainerItemProxy section */

/* Begin PBXFileReference section */
		B146504F1FC88B9500171D79 /* SignUpViewController.swift */ = {isa = PBXFileReference; lastKnownFileType = sourcecode.swift; path = SignUpViewController.swift; sourceTree = "<group>"; };
		B1CBD6531FC620D7007CD4E0 /* Tracker.app */ = {isa = PBXFileReference; explicitFileType = wrapper.application; includeInIndex = 0; path = Tracker.app; sourceTree = BUILT_PRODUCTS_DIR; };
		B1CBD6561FC620D7007CD4E0 /* AppDelegate.swift */ = {isa = PBXFileReference; lastKnownFileType = sourcecode.swift; path = AppDelegate.swift; sourceTree = "<group>"; };
		B1CBD6581FC620D7007CD4E0 /* HomeViewController.swift */ = {isa = PBXFileReference; lastKnownFileType = sourcecode.swift; path = HomeViewController.swift; sourceTree = "<group>"; };
		B1CBD65B1FC620D7007CD4E0 /* Base */ = {isa = PBXFileReference; lastKnownFileType = file.storyboard; name = Base; path = Base.lproj/Main.storyboard; sourceTree = "<group>"; };
		B1CBD65E1FC620D7007CD4E0 /* Tracker.xcdatamodel */ = {isa = PBXFileReference; lastKnownFileType = wrapper.xcdatamodel; path = Tracker.xcdatamodel; sourceTree = "<group>"; };
		B1CBD6601FC620D7007CD4E0 /* Assets.xcassets */ = {isa = PBXFileReference; lastKnownFileType = folder.assetcatalog; path = Assets.xcassets; sourceTree = "<group>"; };
		B1CBD6631FC620D7007CD4E0 /* Base */ = {isa = PBXFileReference; lastKnownFileType = file.storyboard; name = Base; path = Base.lproj/LaunchScreen.storyboard; sourceTree = "<group>"; };
		B1CBD6651FC620D7007CD4E0 /* Info.plist */ = {isa = PBXFileReference; lastKnownFileType = text.plist.xml; path = Info.plist; sourceTree = "<group>"; };
		B1CBD66A1FC620D7007CD4E0 /* TrackerTests.xctest */ = {isa = PBXFileReference; explicitFileType = wrapper.cfbundle; includeInIndex = 0; path = TrackerTests.xctest; sourceTree = BUILT_PRODUCTS_DIR; };
		B1CBD66E1FC620D7007CD4E0 /* TrackerTests.swift */ = {isa = PBXFileReference; lastKnownFileType = sourcecode.swift; path = TrackerTests.swift; sourceTree = "<group>"; };
		B1CBD6701FC620D7007CD4E0 /* Info.plist */ = {isa = PBXFileReference; lastKnownFileType = text.plist.xml; path = Info.plist; sourceTree = "<group>"; };
		B1CBD6751FC620D7007CD4E0 /* TrackerUITests.xctest */ = {isa = PBXFileReference; explicitFileType = wrapper.cfbundle; includeInIndex = 0; path = TrackerUITests.xctest; sourceTree = BUILT_PRODUCTS_DIR; };
		B1CBD6791FC620D7007CD4E0 /* TrackerUITests.swift */ = {isa = PBXFileReference; lastKnownFileType = sourcecode.swift; path = TrackerUITests.swift; sourceTree = "<group>"; };
		B1CBD67B1FC620D7007CD4E0 /* Info.plist */ = {isa = PBXFileReference; lastKnownFileType = text.plist.xml; path = Info.plist; sourceTree = "<group>"; };
		B1CBD6871FC622E6007CD4E0 /* WorkoutViewController.swift */ = {isa = PBXFileReference; lastKnownFileType = sourcecode.swift; path = WorkoutViewController.swift; sourceTree = "<group>"; };
		B1CBD6891FC631AF007CD4E0 /* Point.swift */ = {isa = PBXFileReference; lastKnownFileType = sourcecode.swift; path = Point.swift; sourceTree = "<group>"; };
		B1CBD68B1FC63EE0007CD4E0 /* Workout.swift */ = {isa = PBXFileReference; lastKnownFileType = sourcecode.swift; path = Workout.swift; sourceTree = "<group>"; };
		B1CBD68D1FC64164007CD4E0 /* SummaryViewController.swift */ = {isa = PBXFileReference; lastKnownFileType = sourcecode.swift; path = SummaryViewController.swift; sourceTree = "<group>"; };
		B1CEF73D1FC7588900E2D68F /* MapViewController.swift */ = {isa = PBXFileReference; lastKnownFileType = sourcecode.swift; path = MapViewController.swift; sourceTree = "<group>"; };
		B1CEF73F1FC7BE5200E2D68F /* SignInViewController.swift */ = {isa = PBXFileReference; lastKnownFileType = sourcecode.swift; path = SignInViewController.swift; sourceTree = "<group>"; };
/* End PBXFileReference section */

/* Begin PBXFrameworksBuildPhase section */
		B1CBD6501FC620D7007CD4E0 /* Frameworks */ = {
			isa = PBXFrameworksBuildPhase;
			buildActionMask = 2147483647;
			files = (
			);
			runOnlyForDeploymentPostprocessing = 0;
		};
		B1CBD6671FC620D7007CD4E0 /* Frameworks */ = {
			isa = PBXFrameworksBuildPhase;
			buildActionMask = 2147483647;
			files = (
			);
			runOnlyForDeploymentPostprocessing = 0;
		};
		B1CBD6721FC620D7007CD4E0 /* Frameworks */ = {
			isa = PBXFrameworksBuildPhase;
			buildActionMask = 2147483647;
			files = (
			);
			runOnlyForDeploymentPostprocessing = 0;
		};
/* End PBXFrameworksBuildPhase section */

/* Begin PBXGroup section */
		B1CBD64A1FC620D7007CD4E0 = {
			isa = PBXGroup;
			children = (
				B1CBD6551FC620D7007CD4E0 /* Tracker */,
				B1CBD66D1FC620D7007CD4E0 /* TrackerTests */,
				B1CBD6781FC620D7007CD4E0 /* TrackerUITests */,
				B1CBD6541FC620D7007CD4E0 /* Products */,
			);
			sourceTree = "<group>";
		};
		B1CBD6541FC620D7007CD4E0 /* Products */ = {
			isa = PBXGroup;
			children = (
				B1CBD6531FC620D7007CD4E0 /* Tracker.app */,
				B1CBD66A1FC620D7007CD4E0 /* TrackerTests.xctest */,
				B1CBD6751FC620D7007CD4E0 /* TrackerUITests.xctest */,
			);
			name = Products;
			sourceTree = "<group>";
		};
		B1CBD6551FC620D7007CD4E0 /* Tracker */ = {
			isa = PBXGroup;
			children = (
				B1CBD6561FC620D7007CD4E0 /* AppDelegate.swift */,
				B1CBD6581FC620D7007CD4E0 /* HomeViewController.swift */,
				B1CEF73D1FC7588900E2D68F /* MapViewController.swift */,
				B1CEF73F1FC7BE5200E2D68F /* SignInViewController.swift */,
				B146504F1FC88B9500171D79 /* SignUpViewController.swift */,
				B1CBD68D1FC64164007CD4E0 /* SummaryViewController.swift */,
				B1CBD6871FC622E6007CD4E0 /* WorkoutViewController.swift */,
				B1CBD6891FC631AF007CD4E0 /* Point.swift */,
				B1CBD68B1FC63EE0007CD4E0 /* Workout.swift */,
				B1CBD65A1FC620D7007CD4E0 /* Main.storyboard */,
				B1CBD6601FC620D7007CD4E0 /* Assets.xcassets */,
				B1CBD6621FC620D7007CD4E0 /* LaunchScreen.storyboard */,
				B1CBD6651FC620D7007CD4E0 /* Info.plist */,
				B1CBD65D1FC620D7007CD4E0 /* Tracker.xcdatamodeld */,
			);
			path = Tracker;
			sourceTree = "<group>";
		};
		B1CBD66D1FC620D7007CD4E0 /* TrackerTests */ = {
			isa = PBXGroup;
			children = (
				B1CBD66E1FC620D7007CD4E0 /* TrackerTests.swift */,
				B1CBD6701FC620D7007CD4E0 /* Info.plist */,
			);
			path = TrackerTests;
			sourceTree = "<group>";
		};
		B1CBD6781FC620D7007CD4E0 /* TrackerUITests */ = {
			isa = PBXGroup;
			children = (
				B1CBD6791FC620D7007CD4E0 /* TrackerUITests.swift */,
				B1CBD67B1FC620D7007CD4E0 /* Info.plist */,
			);
			path = TrackerUITests;
			sourceTree = "<group>";
		};
/* End PBXGroup section */

/* Begin PBXNativeTarget section */
		B1CBD6521FC620D7007CD4E0 /* Tracker */ = {
			isa = PBXNativeTarget;
			buildConfigurationList = B1CBD67E1FC620D7007CD4E0 /* Build configuration list for PBXNativeTarget "Tracker" */;
			buildPhases = (
				B1CBD64F1FC620D7007CD4E0 /* Sources */,
				B1CBD6501FC620D7007CD4E0 /* Frameworks */,
				B1CBD6511FC620D7007CD4E0 /* Resources */,
			);
			buildRules = (
			);
			dependencies = (
			);
			name = Tracker;
			productName = Tracker;
			productReference = B1CBD6531FC620D7007CD4E0 /* Tracker.app */;
			productType = "com.apple.product-type.application";
		};
		B1CBD6691FC620D7007CD4E0 /* TrackerTests */ = {
			isa = PBXNativeTarget;
			buildConfigurationList = B1CBD6811FC620D7007CD4E0 /* Build configuration list for PBXNativeTarget "TrackerTests" */;
			buildPhases = (
				B1CBD6661FC620D7007CD4E0 /* Sources */,
				B1CBD6671FC620D7007CD4E0 /* Frameworks */,
				B1CBD6681FC620D7007CD4E0 /* Resources */,
			);
			buildRules = (
			);
			dependencies = (
				B1CBD66C1FC620D7007CD4E0 /* PBXTargetDependency */,
			);
			name = TrackerTests;
			productName = TrackerTests;
			productReference = B1CBD66A1FC620D7007CD4E0 /* TrackerTests.xctest */;
			productType = "com.apple.product-type.bundle.unit-test";
		};
		B1CBD6741FC620D7007CD4E0 /* TrackerUITests */ = {
			isa = PBXNativeTarget;
			buildConfigurationList = B1CBD6841FC620D7007CD4E0 /* Build configuration list for PBXNativeTarget "TrackerUITests" */;
			buildPhases = (
				B1CBD6711FC620D7007CD4E0 /* Sources */,
				B1CBD6721FC620D7007CD4E0 /* Frameworks */,
				B1CBD6731FC620D7007CD4E0 /* Resources */,
			);
			buildRules = (
			);
			dependencies = (
				B1CBD6771FC620D7007CD4E0 /* PBXTargetDependency */,
			);
			name = TrackerUITests;
			productName = TrackerUITests;
			productReference = B1CBD6751FC620D7007CD4E0 /* TrackerUITests.xctest */;
			productType = "com.apple.product-type.bundle.ui-testing";
		};
/* End PBXNativeTarget section */

/* Begin PBXProject section */
		B1CBD64B1FC620D7007CD4E0 /* Project object */ = {
			isa = PBXProject;
			attributes = {
				LastSwiftUpdateCheck = 0910;
				LastUpgradeCheck = 0910;
				TargetAttributes = {
					B1CBD6521FC620D7007CD4E0 = {
						CreatedOnToolsVersion = 9.1;
						ProvisioningStyle = Automatic;
					};
					B1CBD6691FC620D7007CD4E0 = {
						CreatedOnToolsVersion = 9.1;
						ProvisioningStyle = Automatic;
						TestTargetID = B1CBD6521FC620D7007CD4E0;
					};
					B1CBD6741FC620D7007CD4E0 = {
						CreatedOnToolsVersion = 9.1;
						ProvisioningStyle = Automatic;
						TestTargetID = B1CBD6521FC620D7007CD4E0;
					};
				};
			};
			buildConfigurationList = B1CBD64E1FC620D7007CD4E0 /* Build configuration list for PBXProject "Tracker" */;
			compatibilityVersion = "Xcode 8.0";
			developmentRegion = en;
			hasScannedForEncodings = 0;
			knownRegions = (
				en,
				Base,
			);
			mainGroup = B1CBD64A1FC620D7007CD4E0;
			productRefGroup = B1CBD6541FC620D7007CD4E0 /* Products */;
			projectDirPath = "";
			projectRoot = "";
			targets = (
				B1CBD6521FC620D7007CD4E0 /* Tracker */,
				B1CBD6691FC620D7007CD4E0 /* TrackerTests */,
				B1CBD6741FC620D7007CD4E0 /* TrackerUITests */,
			);
		};
/* End PBXProject section */

/* Begin PBXResourcesBuildPhase section */
		B1CBD6511FC620D7007CD4E0 /* Resources */ = {
			isa = PBXResourcesBuildPhase;
			buildActionMask = 2147483647;
			files = (
				B1CBD6641FC620D7007CD4E0 /* LaunchScreen.storyboard in Resources */,
				B1CBD6611FC620D7007CD4E0 /* Assets.xcassets in Resources */,
				B1CBD65C1FC620D7007CD4E0 /* Main.storyboard in Resources */,
			);
			runOnlyForDeploymentPostprocessing = 0;
		};
		B1CBD6681FC620D7007CD4E0 /* Resources */ = {
			isa = PBXResourcesBuildPhase;
			buildActionMask = 2147483647;
			files = (
			);
			runOnlyForDeploymentPostprocessing = 0;
		};
		B1CBD6731FC620D7007CD4E0 /* Resources */ = {
			isa = PBXResourcesBuildPhase;
			buildActionMask = 2147483647;
			files = (
			);
			runOnlyForDeploymentPostprocessing = 0;
		};
/* End PBXResourcesBuildPhase section */

/* Begin PBXSourcesBuildPhase section */
		B1CBD64F1FC620D7007CD4E0 /* Sources */ = {
			isa = PBXSourcesBuildPhase;
			buildActionMask = 2147483647;
			files = (
				B1CBD6881FC622E6007CD4E0 /* WorkoutViewController.swift in Sources */,
				B1CBD68A1FC631AF007CD4E0 /* Point.swift in Sources */,
				B1CBD6591FC620D7007CD4E0 /* HomeViewController.swift in Sources */,
				B1CBD6571FC620D7007CD4E0 /* AppDelegate.swift in Sources */,
				B14650501FC88B9500171D79 /* SignUpViewController.swift in Sources */,
				B1CBD65F1FC620D7007CD4E0 /* Tracker.xcdatamodeld in Sources */,
				B1CEF7401FC7BE5200E2D68F /* SignInViewController.swift in Sources */,
				B1CBD68E1FC64164007CD4E0 /* SummaryViewController.swift in Sources */,
				B1CBD68C1FC63EE0007CD4E0 /* Workout.swift in Sources */,
				B1CEF73E1FC7588900E2D68F /* MapViewController.swift in Sources */,
			);
			runOnlyForDeploymentPostprocessing = 0;
		};
		B1CBD6661FC620D7007CD4E0 /* Sources */ = {
			isa = PBXSourcesBuildPhase;
			buildActionMask = 2147483647;
			files = (
				B1CBD66F1FC620D7007CD4E0 /* TrackerTests.swift in Sources */,
			);
			runOnlyForDeploymentPostprocessing = 0;
		};
		B1CBD6711FC620D7007CD4E0 /* Sources */ = {
			isa = PBXSourcesBuildPhase;
			buildActionMask = 2147483647;
			files = (
				B1CBD67A1FC620D7007CD4E0 /* TrackerUITests.swift in Sources */,
			);
			runOnlyForDeploymentPostprocessing = 0;
		};
/* End PBXSourcesBuildPhase section */

/* Begin PBXTargetDependency section */
		B1CBD66C1FC620D7007CD4E0 /* PBXTargetDependency */ = {
			isa = PBXTargetDependency;
			target = B1CBD6521FC620D7007CD4E0 /* Tracker */;
			targetProxy = B1CBD66B1FC620D7007CD4E0 /* PBXContainerItemProxy */;
		};
		B1CBD6771FC620D7007CD4E0 /* PBXTargetDependency */ = {
			isa = PBXTargetDependency;
			target = B1CBD6521FC620D7007CD4E0 /* Tracker */;
			targetProxy = B1CBD6761FC620D7007CD4E0 /* PBXContainerItemProxy */;
		};
/* End PBXTargetDependency section */

/* Begin PBXVariantGroup section */
		B1CBD65A1FC620D7007CD4E0 /* Main.storyboard */ = {
			isa = PBXVariantGroup;
			children = (
				B1CBD65B1FC620D7007CD4E0 /* Base */,
			);
			name = Main.storyboard;
			sourceTree = "<group>";
		};
		B1CBD6621FC620D7007CD4E0 /* LaunchScreen.storyboard */ = {
			isa = PBXVariantGroup;
			children = (
				B1CBD6631FC620D7007CD4E0 /* Base */,
			);
			name = LaunchScreen.storyboard;
			sourceTree = "<group>";
		};
/* End PBXVariantGroup section */

/* Begin XCBuildConfiguration section */
		B1CBD67C1FC620D7007CD4E0 /* Debug */ = {
			isa = XCBuildConfiguration;
			buildSettings = {
				ALWAYS_SEARCH_USER_PATHS = NO;
				CLANG_ANALYZER_NONNULL = YES;
				CLANG_ANALYZER_NUMBER_OBJECT_CONVERSION = YES_AGGRESSIVE;
				CLANG_CXX_LANGUAGE_STANDARD = "gnu++14";
				CLANG_CXX_LIBRARY = "libc++";
				CLANG_ENABLE_MODULES = YES;
				CLANG_ENABLE_OBJC_ARC = YES;
				CLANG_WARN_BLOCK_CAPTURE_AUTORELEASING = YES;
				CLANG_WARN_BOOL_CONVERSION = YES;
				CLANG_WARN_COMMA = YES;
				CLANG_WARN_CONSTANT_CONVERSION = YES;
				CLANG_WARN_DIRECT_OBJC_ISA_USAGE = YES_ERROR;
				CLANG_WARN_DOCUMENTATION_COMMENTS = YES;
				CLANG_WARN_EMPTY_BODY = YES;
				CLANG_WARN_ENUM_CONVERSION = YES;
				CLANG_WARN_INFINITE_RECURSION = YES;
				CLANG_WARN_INT_CONVERSION = YES;
				CLANG_WARN_NON_LITERAL_NULL_CONVERSION = YES;
				CLANG_WARN_OBJC_LITERAL_CONVERSION = YES;
				CLANG_WARN_OBJC_ROOT_CLASS = YES_ERROR;
				CLANG_WARN_RANGE_LOOP_ANALYSIS = YES;
				CLANG_WARN_STRICT_PROTOTYPES = YES;
				CLANG_WARN_SUSPICIOUS_MOVE = YES;
				CLANG_WARN_UNGUARDED_AVAILABILITY = YES_AGGRESSIVE;
				CLANG_WARN_UNREACHABLE_CODE = YES;
				CLANG_WARN__DUPLICATE_METHOD_MATCH = YES;
				CODE_SIGN_IDENTITY = "iPhone Developer";
				COPY_PHASE_STRIP = NO;
				DEBUG_INFORMATION_FORMAT = dwarf;
				ENABLE_STRICT_OBJC_MSGSEND = YES;
				ENABLE_TESTABILITY = YES;
				GCC_C_LANGUAGE_STANDARD = gnu11;
				GCC_DYNAMIC_NO_PIC = NO;
				GCC_NO_COMMON_BLOCKS = YES;
				GCC_OPTIMIZATION_LEVEL = 0;
				GCC_PREPROCESSOR_DEFINITIONS = (
					"DEBUG=1",
					"$(inherited)",
				);
				GCC_WARN_64_TO_32_BIT_CONVERSION = YES;
				GCC_WARN_ABOUT_RETURN_TYPE = YES_ERROR;
				GCC_WARN_UNDECLARED_SELECTOR = YES;
				GCC_WARN_UNINITIALIZED_AUTOS = YES_AGGRESSIVE;
				GCC_WARN_UNUSED_FUNCTION = YES;
				GCC_WARN_UNUSED_VARIABLE = YES;
				IPHONEOS_DEPLOYMENT_TARGET = 11.1;
				MTL_ENABLE_DEBUG_INFO = YES;
				ONLY_ACTIVE_ARCH = YES;
				SDKROOT = iphoneos;
				SWIFT_ACTIVE_COMPILATION_CONDITIONS = DEBUG;
				SWIFT_OPTIMIZATION_LEVEL = "-Onone";
			};
			name = Debug;
		};
		B1CBD67D1FC620D7007CD4E0 /* Release */ = {
			isa = XCBuildConfiguration;
			buildSettings = {
				ALWAYS_SEARCH_USER_PATHS = NO;
				CLANG_ANALYZER_NONNULL = YES;
				CLANG_ANALYZER_NUMBER_OBJECT_CONVERSION = YES_AGGRESSIVE;
				CLANG_CXX_LANGUAGE_STANDARD = "gnu++14";
				CLANG_CXX_LIBRARY = "libc++";
				CLANG_ENABLE_MODULES = YES;
				CLANG_ENABLE_OBJC_ARC = YES;
				CLANG_WARN_BLOCK_CAPTURE_AUTORELEASING = YES;
				CLANG_WARN_BOOL_CONVERSION = YES;
				CLANG_WARN_COMMA = YES;
				CLANG_WARN_CONSTANT_CONVERSION = YES;
				CLANG_WARN_DIRECT_OBJC_ISA_USAGE = YES_ERROR;
				CLANG_WARN_DOCUMENTATION_COMMENTS = YES;
				CLANG_WARN_EMPTY_BODY = YES;
				CLANG_WARN_ENUM_CONVERSION = YES;
				CLANG_WARN_INFINITE_RECURSION = YES;
				CLANG_WARN_INT_CONVERSION = YES;
				CLANG_WARN_NON_LITERAL_NULL_CONVERSION = YES;
				CLANG_WARN_OBJC_LITERAL_CONVERSION = YES;
				CLANG_WARN_OBJC_ROOT_CLASS = YES_ERROR;
				CLANG_WARN_RANGE_LOOP_ANALYSIS = YES;
				CLANG_WARN_STRICT_PROTOTYPES = YES;
				CLANG_WARN_SUSPICIOUS_MOVE = YES;
				CLANG_WARN_UNGUARDED_AVAILABILITY = YES_AGGRESSIVE;
				CLANG_WARN_UNREACHABLE_CODE = YES;
				CLANG_WARN__DUPLICATE_METHOD_MATCH = YES;
				CODE_SIGN_IDENTITY = "iPhone Developer";
				COPY_PHASE_STRIP = NO;
				DEBUG_INFORMATION_FORMAT = "dwarf-with-dsym";
				ENABLE_NS_ASSERTIONS = NO;
				ENABLE_STRICT_OBJC_MSGSEND = YES;
				GCC_C_LANGUAGE_STANDARD = gnu11;
				GCC_NO_COMMON_BLOCKS = YES;
				GCC_WARN_64_TO_32_BIT_CONVERSION = YES;
				GCC_WARN_ABOUT_RETURN_TYPE = YES_ERROR;
				GCC_WARN_UNDECLARED_SELECTOR = YES;
				GCC_WARN_UNINITIALIZED_AUTOS = YES_AGGRESSIVE;
				GCC_WARN_UNUSED_FUNCTION = YES;
				GCC_WARN_UNUSED_VARIABLE = YES;
				IPHONEOS_DEPLOYMENT_TARGET = 11.1;
				MTL_ENABLE_DEBUG_INFO = NO;
				SDKROOT = iphoneos;
				SWIFT_OPTIMIZATION_LEVEL = "-Owholemodule";
				VALIDATE_PRODUCT = YES;
			};
			name = Release;
		};
		B1CBD67F1FC620D7007CD4E0 /* Debug */ = {
			isa = XCBuildConfiguration;
			buildSettings = {
				ASSETCATALOG_COMPILER_APPICON_NAME = AppIcon;
				CODE_SIGN_STYLE = Automatic;
				DEVELOPMENT_TEAM = 5765UP6993;
				INFOPLIST_FILE = Tracker/Info.plist;
				LD_RUNPATH_SEARCH_PATHS = "$(inherited) @executable_path/Frameworks";
				PRODUCT_BUNDLE_IDENTIFIER = com.satterthwaite.Tracker;
				PRODUCT_NAME = "$(TARGET_NAME)";
				SWIFT_VERSION = 4.0;
				TARGETED_DEVICE_FAMILY = "1,2";
			};
			name = Debug;
		};
		B1CBD6801FC620D7007CD4E0 /* Release */ = {
			isa = XCBuildConfiguration;
			buildSettings = {
				ASSETCATALOG_COMPILER_APPICON_NAME = AppIcon;
				CODE_SIGN_STYLE = Automatic;
				DEVELOPMENT_TEAM = 5765UP6993;
				INFOPLIST_FILE = Tracker/Info.plist;
				LD_RUNPATH_SEARCH_PATHS = "$(inherited) @executable_path/Frameworks";
				PRODUCT_BUNDLE_IDENTIFIER = com.satterthwaite.Tracker;
				PRODUCT_NAME = "$(TARGET_NAME)";
				SWIFT_VERSION = 4.0;
				TARGETED_DEVICE_FAMILY = "1,2";
			};
			name = Release;
		};
		B1CBD6821FC620D7007CD4E0 /* Debug */ = {
			isa = XCBuildConfiguration;
			buildSettings = {
				ALWAYS_EMBED_SWIFT_STANDARD_LIBRARIES = YES;
				BUNDLE_LOADER = "$(TEST_HOST)";
				CODE_SIGN_STYLE = Automatic;
				DEVELOPMENT_TEAM = 5765UP6993;
				INFOPLIST_FILE = TrackerTests/Info.plist;
				LD_RUNPATH_SEARCH_PATHS = "$(inherited) @executable_path/Frameworks @loader_path/Frameworks";
				PRODUCT_BUNDLE_IDENTIFIER = com.satterthwaite.TrackerTests;
				PRODUCT_NAME = "$(TARGET_NAME)";
				SWIFT_VERSION = 4.0;
				TARGETED_DEVICE_FAMILY = "1,2";
				TEST_HOST = "$(BUILT_PRODUCTS_DIR)/Tracker.app/Tracker";
			};
			name = Debug;
		};
		B1CBD6831FC620D7007CD4E0 /* Release */ = {
			isa = XCBuildConfiguration;
			buildSettings = {
				ALWAYS_EMBED_SWIFT_STANDARD_LIBRARIES = YES;
				BUNDLE_LOADER = "$(TEST_HOST)";
				CODE_SIGN_STYLE = Automatic;
				DEVELOPMENT_TEAM = 5765UP6993;
				INFOPLIST_FILE = TrackerTests/Info.plist;
				LD_RUNPATH_SEARCH_PATHS = "$(inherited) @executable_path/Frameworks @loader_path/Frameworks";
				PRODUCT_BUNDLE_IDENTIFIER = com.satterthwaite.TrackerTests;
				PRODUCT_NAME = "$(TARGET_NAME)";
				SWIFT_VERSION = 4.0;
				TARGETED_DEVICE_FAMILY = "1,2";
				TEST_HOST = "$(BUILT_PRODUCTS_DIR)/Tracker.app/Tracker";
			};
			name = Release;
		};
		B1CBD6851FC620D7007CD4E0 /* Debug */ = {
			isa = XCBuildConfiguration;
			buildSettings = {
				ALWAYS_EMBED_SWIFT_STANDARD_LIBRARIES = YES;
				CODE_SIGN_STYLE = Automatic;
				DEVELOPMENT_TEAM = 5765UP6993;
				INFOPLIST_FILE = TrackerUITests/Info.plist;
				LD_RUNPATH_SEARCH_PATHS = "$(inherited) @executable_path/Frameworks @loader_path/Frameworks";
				PRODUCT_BUNDLE_IDENTIFIER = com.satterthwaite.TrackerUITests;
				PRODUCT_NAME = "$(TARGET_NAME)";
				SWIFT_VERSION = 4.0;
				TARGETED_DEVICE_FAMILY = "1,2";
				TEST_TARGET_NAME = Tracker;
			};
			name = Debug;
		};
		B1CBD6861FC620D7007CD4E0 /* Release */ = {
			isa = XCBuildConfiguration;
			buildSettings = {
				ALWAYS_EMBED_SWIFT_STANDARD_LIBRARIES = YES;
				CODE_SIGN_STYLE = Automatic;
				DEVELOPMENT_TEAM = 5765UP6993;
				INFOPLIST_FILE = TrackerUITests/Info.plist;
				LD_RUNPATH_SEARCH_PATHS = "$(inherited) @executable_path/Frameworks @loader_path/Frameworks";
				PRODUCT_BUNDLE_IDENTIFIER = com.satterthwaite.TrackerUITests;
				PRODUCT_NAME = "$(TARGET_NAME)";
				SWIFT_VERSION = 4.0;
				TARGETED_DEVICE_FAMILY = "1,2";
				TEST_TARGET_NAME = Tracker;
			};
			name = Release;
		};
/* End XCBuildConfiguration section */

/* Begin XCConfigurationList section */
		B1CBD64E1FC620D7007CD4E0 /* Build configuration list for PBXProject "Tracker" */ = {
			isa = XCConfigurationList;
			buildConfigurations = (
				B1CBD67C1FC620D7007CD4E0 /* Debug */,
				B1CBD67D1FC620D7007CD4E0 /* Release */,
			);
			defaultConfigurationIsVisible = 0;
			defaultConfigurationName = Release;
		};
		B1CBD67E1FC620D7007CD4E0 /* Build configuration list for PBXNativeTarget "Tracker" */ = {
			isa = XCConfigurationList;
			buildConfigurations = (
				B1CBD67F1FC620D7007CD4E0 /* Debug */,
				B1CBD6801FC620D7007CD4E0 /* Release */,
			);
			defaultConfigurationIsVisible = 0;
			defaultConfigurationName = Release;
		};
		B1CBD6811FC620D7007CD4E0 /* Build configuration list for PBXNativeTarget "TrackerTests" */ = {
			isa = XCConfigurationList;
			buildConfigurations = (
				B1CBD6821FC620D7007CD4E0 /* Debug */,
				B1CBD6831FC620D7007CD4E0 /* Release */,
			);
			defaultConfigurationIsVisible = 0;
			defaultConfigurationName = Release;
		};
		B1CBD6841FC620D7007CD4E0 /* Build configuration list for PBXNativeTarget "TrackerUITests" */ = {
			isa = XCConfigurationList;
			buildConfigurations = (
				B1CBD6851FC620D7007CD4E0 /* Debug */,
				B1CBD6861FC620D7007CD4E0 /* Release */,
			);
			defaultConfigurationIsVisible = 0;
			defaultConfigurationName = Release;
		};
/* End XCConfigurationList section */

/* Begin XCVersionGroup section */
		B1CBD65D1FC620D7007CD4E0 /* Tracker.xcdatamodeld */ = {
			isa = XCVersionGroup;
			children = (
				B1CBD65E1FC620D7007CD4E0 /* Tracker.xcdatamodel */,
			);
			currentVersion = B1CBD65E1FC620D7007CD4E0 /* Tracker.xcdatamodel */;
			path = Tracker.xcdatamodeld;
			sourceTree = "<group>";
			versionGroupType = wrapper.xcdatamodel;
		};
/* End XCVersionGroup section */
	};
	rootObject = B1CBD64B1FC620D7007CD4E0 /* Project object */;
}
